
Microsoft Visual Studio Solution File, Format Version 12.00
# Visual Studio 15
VisualStudioVersion = 15.0.26430.16
MinimumVisualStudioVersion = 10.0.40219.1
Project("{FAE04EC0-301F-11D3-BF4B-00C04F79EFBC}") = "WeatherApp.Android", "WeatherApp\WeatherApp.Android\WeatherApp.Android.csproj", "{47BCA20C-96EA-4A98-82E8-6ECCF6E11117}"
EndProject
Project("{FAE04EC0-301F-11D3-BF4B-00C04F79EFBC}") = "WeatherApp", "WeatherApp\WeatherApp\WeatherApp.csproj", "{C8CDBEC5-17A5-4094-AFAB-39C7B64488D7}"
EndProject
Project("{FAE04EC0-301F-11D3-BF4B-00C04F79EFBC}") = "WeatherApp.UWP", "WeatherApp\WeatherApp.UWP\WeatherApp.UWP.csproj", "{F087AD3F-035F-4550-8E66-8E21C03932BC}"
EndProject
Project("{FAE04EC0-301F-11D3-BF4B-00C04F79EFBC}") = "WeatherApp.iOS", "WeatherApp\WeatherApp.iOS\WeatherApp.iOS.csproj", "{B268E459-26E7-41DC-9086-2D9B4407C3F5}"
EndProject
Global
	GlobalSection(SolutionConfigurationPlatforms) = preSolution
		Ad-Hoc|Any CPU = Ad-Hoc|Any CPU
		Ad-Hoc|ARM = Ad-Hoc|ARM
		Ad-Hoc|iPhone = Ad-Hoc|iPhone
		Ad-Hoc|iPhoneSimulator = Ad-Hoc|iPhoneSimulator
		Ad-Hoc|x64 = Ad-Hoc|x64
		Ad-Hoc|x86 = Ad-Hoc|x86
		AppStore|Any CPU = AppStore|Any CPU
		AppStore|ARM = AppStore|ARM
		AppStore|iPhone = AppStore|iPhone
		AppStore|iPhoneSimulator = AppStore|iPhoneSimulator
		AppStore|x64 = AppStore|x64
		AppStore|x86 = AppStore|x86
		Debug|Any CPU = Debug|Any CPU
		Debug|ARM = Debug|ARM
		Debug|iPhone = Debug|iPhone
		Debug|iPhoneSimulator = Debug|iPhoneSimulator
		Debug|x64 = Debug|x64
		Debug|x86 = Debug|x86
		Release|Any CPU = Release|Any CPU
		Release|ARM = Release|ARM
		Release|iPhone = Release|iPhone
		Release|iPhoneSimulator = Release|iPhoneSimulator
		Release|x64 = Release|x64
		Release|x86 = Release|x86
	EndGlobalSection
	GlobalSection(ProjectConfigurationPlatforms) = postSolution
		{47BCA20C-96EA-4A98-82E8-6ECCF6E11117}.Ad-Hoc|Any CPU.ActiveCfg = Release|Any CPU
		{47BCA20C-96EA-4A98-82E8-6ECCF6E11117}.Ad-Hoc|Any CPU.Build.0 = Release|Any CPU
		{47BCA20C-96EA-4A98-82E8-6ECCF6E11117}.Ad-Hoc|Any CPU.Deploy.0 = Release|Any CPU
		{47BCA20C-96EA-4A98-82E8-6ECCF6E11117}.Ad-Hoc|ARM.ActiveCfg = Release|Any CPU
		{47BCA20C-96EA-4A98-82E8-6ECCF6E11117}.Ad-Hoc|ARM.Build.0 = Release|Any CPU
		{47BCA20C-96EA-4A98-82E8-6ECCF6E11117}.Ad-Hoc|ARM.Deploy.0 = Release|Any CPU
		{47BCA20C-96EA-4A98-82E8-6ECCF6E11117}.Ad-Hoc|iPhone.ActiveCfg = Release|Any CPU
		{47BCA20C-96EA-4A98-82E8-6ECCF6E11117}.Ad-Hoc|iPhone.Build.0 = Release|Any CPU
		{47BCA20C-96EA-4A98-82E8-6ECCF6E11117}.Ad-Hoc|iPhone.Deploy.0 = Release|Any CPU
		{47BCA20C-96EA-4A98-82E8-6ECCF6E11117}.Ad-Hoc|iPhoneSimulator.ActiveCfg = Release|Any CPU
		{47BCA20C-96EA-4A98-82E8-6ECCF6E11117}.Ad-Hoc|iPhoneSimulator.Build.0 = Release|Any CPU
		{47BCA20C-96EA-4A98-82E8-6ECCF6E11117}.Ad-Hoc|iPhoneSimulator.Deploy.0 = Release|Any CPU
		{47BCA20C-96EA-4A98-82E8-6ECCF6E11117}.Ad-Hoc|x64.ActiveCfg = Release|Any CPU
		{47BCA20C-96EA-4A98-82E8-6ECCF6E11117}.Ad-Hoc|x64.Build.0 = Release|Any CPU
		{47BCA20C-96EA-4A98-82E8-6ECCF6E11117}.Ad-Hoc|x64.Deploy.0 = Release|Any CPU
		{47BCA20C-96EA-4A98-82E8-6ECCF6E11117}.Ad-Hoc|x86.ActiveCfg = Release|Any CPU
		{47BCA20C-96EA-4A98-82E8-6ECCF6E11117}.Ad-Hoc|x86.Build.0 = Release|Any CPU
		{47BCA20C-96EA-4A98-82E8-6ECCF6E11117}.Ad-Hoc|x86.Deploy.0 = Release|Any CPU
		{47BCA20C-96EA-4A98-82E8-6ECCF6E11117}.AppStore|Any CPU.ActiveCfg = Release|Any CPU
		{47BCA20C-96EA-4A98-82E8-6ECCF6E11117}.AppStore|Any CPU.Build.0 = Release|Any CPU
		{47BCA20C-96EA-4A98-82E8-6ECCF6E11117}.AppStore|Any CPU.Deploy.0 = Release|Any CPU
		{47BCA20C-96EA-4A98-82E8-6ECCF6E11117}.AppStore|ARM.ActiveCfg = Release|Any CPU
		{47BCA20C-96EA-4A98-82E8-6ECCF6E11117}.AppStore|ARM.Build.0 = Release|Any CPU
		{47BCA20C-96EA-4A98-82E8-6ECCF6E11117}.AppStore|ARM.Deploy.0 = Release|Any CPU
		{47BCA20C-96EA-4A98-82E8-6ECCF6E11117}.AppStore|iPhone.ActiveCfg = Release|Any CPU
		{47BCA20C-96EA-4A98-82E8-6ECCF6E11117}.AppStore|iPhone.Build.0 = Release|Any CPU
		{47BCA20C-96EA-4A98-82E8-6ECCF6E11117}.AppStore|iPhone.Deploy.0 = Release|Any CPU
		{47BCA20C-96EA-4A98-82E8-6ECCF6E11117}.AppStore|iPhoneSimulator.ActiveCfg = Release|Any CPU
		{47BCA20C-96EA-4A98-82E8-6ECCF6E11117}.AppStore|iPhoneSimulator.Build.0 = Release|Any CPU
		{47BCA20C-96EA-4A98-82E8-6ECCF6E11117}.AppStore|iPhoneSimulator.Deploy.0 = Release|Any CPU
		{47BCA20C-96EA-4A98-82E8-6ECCF6E11117}.AppStore|x64.ActiveCfg = Release|Any CPU
		{47BCA20C-96EA-4A98-82E8-6ECCF6E11117}.AppStore|x64.Build.0 = Release|Any CPU
		{47BCA20C-96EA-4A98-82E8-6ECCF6E11117}.AppStore|x64.Deploy.0 = Release|Any CPU
		{47BCA20C-96EA-4A98-82E8-6ECCF6E11117}.AppStore|x86.ActiveCfg = Release|Any CPU
		{47BCA20C-96EA-4A98-82E8-6ECCF6E11117}.AppStore|x86.Build.0 = Release|Any CPU
		{47BCA20C-96EA-4A98-82E8-6ECCF6E11117}.AppStore|x86.Deploy.0 = Release|Any CPU
		{47BCA20C-96EA-4A98-82E8-6ECCF6E11117}.Debug|Any CPU.ActiveCfg = Debug|Any CPU
		{47BCA20C-96EA-4A98-82E8-6ECCF6E11117}.Debug|Any CPU.Build.0 = Debug|Any CPU
		{47BCA20C-96EA-4A98-82E8-6ECCF6E11117}.Debug|Any CPU.Deploy.0 = Debug|Any CPU
		{47BCA20C-96EA-4A98-82E8-6ECCF6E11117}.Debug|ARM.ActiveCfg = Debug|Any CPU
		{47BCA20C-96EA-4A98-82E8-6ECCF6E11117}.Debug|ARM.Build.0 = Debug|Any CPU
		{47BCA20C-96EA-4A98-82E8-6ECCF6E11117}.Debug|ARM.Deploy.0 = Debug|Any CPU
		{47BCA20C-96EA-4A98-82E8-6ECCF6E11117}.Debug|iPhone.ActiveCfg = Debug|Any CPU
		{47BCA20C-96EA-4A98-82E8-6ECCF6E11117}.Debug|iPhone.Build.0 = Debug|Any CPU
		{47BCA20C-96EA-4A98-82E8-6ECCF6E11117}.Debug|iPhone.Deploy.0 = Debug|Any CPU
		{47BCA20C-96EA-4A98-82E8-6ECCF6E11117}.Debug|iPhoneSimulator.ActiveCfg = Debug|Any CPU
		{47BCA20C-96EA-4A98-82E8-6ECCF6E11117}.Debug|iPhoneSimulator.Build.0 = Debug|Any CPU
		{47BCA20C-96EA-4A98-82E8-6ECCF6E11117}.Debug|iPhoneSimulator.Deploy.0 = Debug|Any CPU
		{47BCA20C-96EA-4A98-82E8-6ECCF6E11117}.Debug|x64.ActiveCfg = Debug|Any CPU
		{47BCA20C-96EA-4A98-82E8-6ECCF6E11117}.Debug|x64.Build.0 = Debug|Any CPU
		{47BCA20C-96EA-4A98-82E8-6ECCF6E11117}.Debug|x64.Deploy.0 = Debug|Any CPU
		{47BCA20C-96EA-4A98-82E8-6ECCF6E11117}.Debug|x86.ActiveCfg = Debug|Any CPU
		{47BCA20C-96EA-4A98-82E8-6ECCF6E11117}.Debug|x86.Build.0 = Debug|Any CPU
		{47BCA20C-96EA-4A98-82E8-6ECCF6E11117}.Debug|x86.Deploy.0 = Debug|Any CPU
		{47BCA20C-96EA-4A98-82E8-6ECCF6E11117}.Release|Any CPU.ActiveCfg = Release|Any CPU
		{47BCA20C-96EA-4A98-82E8-6ECCF6E11117}.Release|Any CPU.Build.0 = Release|Any CPU
		{47BCA20C-96EA-4A98-82E8-6ECCF6E11117}.Release|Any CPU.Deploy.0 = Release|Any CPU
		{47BCA20C-96EA-4A98-82E8-6ECCF6E11117}.Release|ARM.ActiveCfg = Release|Any CPU
		{47BCA20C-96EA-4A98-82E8-6ECCF6E11117}.Release|ARM.Build.0 = Release|Any CPU
		{47BCA20C-96EA-4A98-82E8-6ECCF6E11117}.Release|ARM.Deploy.0 = Release|Any CPU
		{47BCA20C-96EA-4A98-82E8-6ECCF6E11117}.Release|iPhone.ActiveCfg = Release|Any CPU
		{47BCA20C-96EA-4A98-82E8-6ECCF6E11117}.Release|iPhone.Build.0 = Release|Any CPU
		{47BCA20C-96EA-4A98-82E8-6ECCF6E11117}.Release|iPhone.Deploy.0 = Release|Any CPU
		{47BCA20C-96EA-4A98-82E8-6ECCF6E11117}.Release|iPhoneSimulator.ActiveCfg = Release|Any CPU
		{47BCA20C-96EA-4A98-82E8-6ECCF6E11117}.Release|iPhoneSimulator.Build.0 = Release|Any CPU
		{47BCA20C-96EA-4A98-82E8-6ECCF6E11117}.Release|iPhoneSimulator.Deploy.0 = Release|Any CPU
		{47BCA20C-96EA-4A98-82E8-6ECCF6E11117}.Release|x64.ActiveCfg = Release|Any CPU
		{47BCA20C-96EA-4A98-82E8-6ECCF6E11117}.Release|x64.Build.0 = Release|Any CPU
		{47BCA20C-96EA-4A98-82E8-6ECCF6E11117}.Release|x64.Deploy.0 = Release|Any CPU
		{47BCA20C-96EA-4A98-82E8-6ECCF6E11117}.Release|x86.ActiveCfg = Release|Any CPU
		{47BCA20C-96EA-4A98-82E8-6ECCF6E11117}.Release|x86.Build.0 = Release|Any CPU
		{47BCA20C-96EA-4A98-82E8-6ECCF6E11117}.Release|x86.Deploy.0 = Release|Any CPU
		{C8CDBEC5-17A5-4094-AFAB-39C7B64488D7}.Ad-Hoc|Any CPU.ActiveCfg = Release|Any CPU
		{C8CDBEC5-17A5-4094-AFAB-39C7B64488D7}.Ad-Hoc|Any CPU.Build.0 = Release|Any CPU
		{C8CDBEC5-17A5-4094-AFAB-39C7B64488D7}.Ad-Hoc|ARM.ActiveCfg = Release|Any CPU
		{C8CDBEC5-17A5-4094-AFAB-39C7B64488D7}.Ad-Hoc|ARM.Build.0 = Release|Any CPU
		{C8CDBEC5-17A5-4094-AFAB-39C7B64488D7}.Ad-Hoc|iPhone.ActiveCfg = Release|Any CPU
		{C8CDBEC5-17A5-4094-AFAB-39C7B64488D7}.Ad-Hoc|iPhone.Build.0 = Release|Any CPU
		{C8CDBEC5-17A5-4094-AFAB-39C7B64488D7}.Ad-Hoc|iPhoneSimulator.ActiveCfg = Release|Any CPU
		{C8CDBEC5-17A5-4094-AFAB-39C7B64488D7}.Ad-Hoc|iPhoneSimulator.Build.0 = Release|Any CPU
		{C8CDBEC5-17A5-4094-AFAB-39C7B64488D7}.Ad-Hoc|x64.ActiveCfg = Release|Any CPU
		{C8CDBEC5-17A5-4094-AFAB-39C7B64488D7}.Ad-Hoc|x64.Build.0 = Release|Any CPU
		{C8CDBEC5-17A5-4094-AFAB-39C7B64488D7}.Ad-Hoc|x86.ActiveCfg = Release|Any CPU
		{C8CDBEC5-17A5-4094-AFAB-39C7B64488D7}.Ad-Hoc|x86.Build.0 = Release|Any CPU
		{C8CDBEC5-17A5-4094-AFAB-39C7B64488D7}.AppStore|Any CPU.ActiveCfg = Release|Any CPU
		{C8CDBEC5-17A5-4094-AFAB-39C7B64488D7}.AppStore|Any CPU.Build.0 = Release|Any CPU
		{C8CDBEC5-17A5-4094-AFAB-39C7B64488D7}.AppStore|ARM.ActiveCfg = Release|Any CPU
		{C8CDBEC5-17A5-4094-AFAB-39C7B64488D7}.AppStore|ARM.Build.0 = Release|Any CPU
		{C8CDBEC5-17A5-4094-AFAB-39C7B64488D7}.AppStore|iPhone.ActiveCfg = Release|Any CPU
		{C8CDBEC5-17A5-4094-AFAB-39C7B64488D7}.AppStore|iPhone.Build.0 = Release|Any CPU
		{C8CDBEC5-17A5-4094-AFAB-39C7B64488D7}.AppStore|iPhoneSimulator.ActiveCfg = Release|Any CPU
		{C8CDBEC5-17A5-4094-AFAB-39C7B64488D7}.AppStore|iPhoneSimulator.Build.0 = Release|Any CPU
		{C8CDBEC5-17A5-4094-AFAB-39C7B64488D7}.AppStore|x64.ActiveCfg = Release|Any CPU
		{C8CDBEC5-17A5-4094-AFAB-39C7B64488D7}.AppStore|x64.Build.0 = Release|Any CPU
		{C8CDBEC5-17A5-4094-AFAB-39C7B64488D7}.AppStore|x86.ActiveCfg = Release|Any CPU
		{C8CDBEC5-17A5-4094-AFAB-39C7B64488D7}.AppStore|x86.Build.0 = Release|Any CPU
		{C8CDBEC5-17A5-4094-AFAB-39C7B64488D7}.Debug|Any CPU.ActiveCfg = Debug|Any CPU
		{C8CDBEC5-17A5-4094-AFAB-39C7B64488D7}.Debug|Any CPU.Build.0 = Debug|Any CPU
		{C8CDBEC5-17A5-4094-AFAB-39C7B64488D7}.Debug|ARM.ActiveCfg = Debug|Any CPU
		{C8CDBEC5-17A5-4094-AFAB-39C7B64488D7}.Debug|ARM.Build.0 = Debug|Any CPU
		{C8CDBEC5-17A5-4094-AFAB-39C7B64488D7}.Debug|iPhone.ActiveCfg = Debug|Any CPU
		{C8CDBEC5-17A5-4094-AFAB-39C7B64488D7}.Debug|iPhone.Build.0 = Debug|Any CPU
		{C8CDBEC5-17A5-4094-AFAB-39C7B64488D7}.Debug|iPhoneSimulator.ActiveCfg = Debug|Any CPU
		{C8CDBEC5-17A5-4094-AFAB-39C7B64488D7}.Debug|iPhoneSimulator.Build.0 = Debug|Any CPU
		{C8CDBEC5-17A5-4094-AFAB-39C7B64488D7}.Debug|x64.ActiveCfg = Debug|Any CPU
		{C8CDBEC5-17A5-4094-AFAB-39C7B64488D7}.Debug|x64.Build.0 = Debug|Any CPU
		{C8CDBEC5-17A5-4094-AFAB-39C7B64488D7}.Debug|x86.ActiveCfg = Debug|Any CPU
		{C8CDBEC5-17A5-4094-AFAB-39C7B64488D7}.Debug|x86.Build.0 = Debug|Any CPU
		{C8CDBEC5-17A5-4094-AFAB-39C7B64488D7}.Release|Any CPU.ActiveCfg = Release|Any CPU
		{C8CDBEC5-17A5-4094-AFAB-39C7B64488D7}.Release|Any CPU.Build.0 = Release|Any CPU
		{C8CDBEC5-17A5-4094-AFAB-39C7B64488D7}.Release|ARM.ActiveCfg = Release|Any CPU
		{C8CDBEC5-17A5-4094-AFAB-39C7B64488D7}.Release|ARM.Build.0 = Release|Any CPU
		{C8CDBEC5-17A5-4094-AFAB-39C7B64488D7}.Release|iPhone.ActiveCfg = Release|Any CPU
		{C8CDBEC5-17A5-4094-AFAB-39C7B64488D7}.Release|iPhone.Build.0 = Release|Any CPU
		{C8CDBEC5-17A5-4094-AFAB-39C7B64488D7}.Release|iPhoneSimulator.ActiveCfg = Release|Any CPU
		{C8CDBEC5-17A5-4094-AFAB-39C7B64488D7}.Release|iPhoneSimulator.Build.0 = Release|Any CPU
		{C8CDBEC5-17A5-4094-AFAB-39C7B64488D7}.Release|x64.ActiveCfg = Release|Any CPU
		{C8CDBEC5-17A5-4094-AFAB-39C7B64488D7}.Release|x64.Build.0 = Release|Any CPU
		{C8CDBEC5-17A5-4094-AFAB-39C7B64488D7}.Release|x86.ActiveCfg = Release|Any CPU
		{C8CDBEC5-17A5-4094-AFAB-39C7B64488D7}.Release|x86.Build.0 = Release|Any CPU
		{F087AD3F-035F-4550-8E66-8E21C03932BC}.Ad-Hoc|Any CPU.ActiveCfg = Release|x86
		{F087AD3F-035F-4550-8E66-8E21C03932BC}.Ad-Hoc|Any CPU.Build.0 = Release|x86
		{F087AD3F-035F-4550-8E66-8E21C03932BC}.Ad-Hoc|Any CPU.Deploy.0 = Release|x86
		{F087AD3F-035F-4550-8E66-8E21C03932BC}.Ad-Hoc|ARM.ActiveCfg = Release|ARM
		{F087AD3F-035F-4550-8E66-8E21C03932BC}.Ad-Hoc|ARM.Build.0 = Release|ARM
		{F087AD3F-035F-4550-8E66-8E21C03932BC}.Ad-Hoc|ARM.Deploy.0 = Release|ARM
		{F087AD3F-035F-4550-8E66-8E21C03932BC}.Ad-Hoc|iPhone.ActiveCfg = Release|x86
		{F087AD3F-035F-4550-8E66-8E21C03932BC}.Ad-Hoc|iPhone.Build.0 = Release|x86
		{F087AD3F-035F-4550-8E66-8E21C03932BC}.Ad-Hoc|iPhone.Deploy.0 = Release|x86
		{F087AD3F-035F-4550-8E66-8E21C03932BC}.Ad-Hoc|iPhoneSimulator.ActiveCfg = Release|x86
		{F087AD3F-035F-4550-8E66-8E21C03932BC}.Ad-Hoc|iPhoneSimulator.Build.0 = Release|x86
		{F087AD3F-035F-4550-8E66-8E21C03932BC}.Ad-Hoc|iPhoneSimulator.Deploy.0 = Release|x86
		{F087AD3F-035F-4550-8E66-8E21C03932BC}.Ad-Hoc|x64.ActiveCfg = Release|x64
		{F087AD3F-035F-4550-8E66-8E21C03932BC}.Ad-Hoc|x64.Build.0 = Release|x64
		{F087AD3F-035F-4550-8E66-8E21C03932BC}.Ad-Hoc|x64.Deploy.0 = Release|x64
		{F087AD3F-035F-4550-8E66-8E21C03932BC}.Ad-Hoc|x86.ActiveCfg = Release|x86
		{F087AD3F-035F-4550-8E66-8E21C03932BC}.Ad-Hoc|x86.Build.0 = Release|x86
		{F087AD3F-035F-4550-8E66-8E21C03932BC}.Ad-Hoc|x86.Deploy.0 = Release|x86
		{F087AD3F-035F-4550-8E66-8E21C03932BC}.AppStore|Any CPU.ActiveCfg = Release|x86
		{F087AD3F-035F-4550-8E66-8E21C03932BC}.AppStore|Any CPU.Build.0 = Release|x86
		{F087AD3F-035F-4550-8E66-8E21C03932BC}.AppStore|Any CPU.Deploy.0 = Release|x86
		{F087AD3F-035F-4550-8E66-8E21C03932BC}.AppStore|ARM.ActiveCfg = Release|ARM
		{F087AD3F-035F-4550-8E66-8E21C03932BC}.AppStore|ARM.Build.0 = Release|ARM
		{F087AD3F-035F-4550-8E66-8E21C03932BC}.AppStore|ARM.Deploy.0 = Release|ARM
		{F087AD3F-035F-4550-8E66-8E21C03932BC}.AppStore|iPhone.ActiveCfg = Release|x86
		{F087AD3F-035F-4550-8E66-8E21C03932BC}.AppStore|iPhone.Build.0 = Release|x86
		{F087AD3F-035F-4550-8E66-8E21C03932BC}.AppStore|iPhone.Deploy.0 = Release|x86
		{F087AD3F-035F-4550-8E66-8E21C03932BC}.AppStore|iPhoneSimulator.ActiveCfg = Release|x86
		{F087AD3F-035F-4550-8E66-8E21C03932BC}.AppStore|iPhoneSimulator.Build.0 = Release|x86
		{F087AD3F-035F-4550-8E66-8E21C03932BC}.AppStore|iPhoneSimulator.Deploy.0 = Release|x86
		{F087AD3F-035F-4550-8E66-8E21C03932BC}.AppStore|x64.ActiveCfg = Release|x64
		{F087AD3F-035F-4550-8E66-8E21C03932BC}.AppStore|x64.Build.0 = Release|x64
		{F087AD3F-035F-4550-8E66-8E21C03932BC}.AppStore|x64.Deploy.0 = Release|x64
		{F087AD3F-035F-4550-8E66-8E21C03932BC}.AppStore|x86.ActiveCfg = Release|x86
		{F087AD3F-035F-4550-8E66-8E21C03932BC}.AppStore|x86.Build.0 = Release|x86
		{F087AD3F-035F-4550-8E66-8E21C03932BC}.AppStore|x86.Deploy.0 = Release|x86
		{F087AD3F-035F-4550-8E66-8E21C03932BC}.Debug|Any CPU.ActiveCfg = Debug|x86
		{F087AD3F-035F-4550-8E66-8E21C03932BC}.Debug|ARM.ActiveCfg = Debug|ARM
		{F087AD3F-035F-4550-8E66-8E21C03932BC}.Debug|ARM.Build.0 = Debug|ARM
		{F087AD3F-035F-4550-8E66-8E21C03932BC}.Debug|ARM.Deploy.0 = Debug|ARM
		{F087AD3F-035F-4550-8E66-8E21C03932BC}.Debug|iPhone.ActiveCfg = Debug|x86
		{F087AD3F-035F-4550-8E66-8E21C03932BC}.Debug|iPhoneSimulator.ActiveCfg = Debug|x86
		{F087AD3F-035F-4550-8E66-8E21C03932BC}.Debug|x64.ActiveCfg = Debug|x64
		{F087AD3F-035F-4550-8E66-8E21C03932BC}.Debug|x64.Build.0 = Debug|x64
		{F087AD3F-035F-4550-8E66-8E21C03932BC}.Debug|x64.Deploy.0 = Debug|x64
		{F087AD3F-035F-4550-8E66-8E21C03932BC}.Debug|x86.ActiveCfg = Debug|x86
		{F087AD3F-035F-4550-8E66-8E21C03932BC}.Debug|x86.Build.0 = Debug|x86
		{F087AD3F-035F-4550-8E66-8E21C03932BC}.Debug|x86.Deploy.0 = Debug|x86
		{F087AD3F-035F-4550-8E66-8E21C03932BC}.Release|Any CPU.ActiveCfg = Release|x86
		{F087AD3F-035F-4550-8E66-8E21C03932BC}.Release|ARM.ActiveCfg = Release|ARM
		{F087AD3F-035F-4550-8E66-8E21C03932BC}.Release|ARM.Build.0 = Release|ARM
		{F087AD3F-035F-4550-8E66-8E21C03932BC}.Release|ARM.Deploy.0 = Release|ARM
		{F087AD3F-035F-4550-8E66-8E21C03932BC}.Release|iPhone.ActiveCfg = Release|x86
		{F087AD3F-035F-4550-8E66-8E21C03932BC}.Release|iPhoneSimulator.ActiveCfg = Release|x86
		{F087AD3F-035F-4550-8E66-8E21C03932BC}.Release|x64.ActiveCfg = Release|x64
		{F087AD3F-035F-4550-8E66-8E21C03932BC}.Release|x64.Build.0 = Release|x64
		{F087AD3F-035F-4550-8E66-8E21C03932BC}.Release|x64.Deploy.0 = Release|x64
		{F087AD3F-035F-4550-8E66-8E21C03932BC}.Release|x86.ActiveCfg = Release|x86
		{F087AD3F-035F-4550-8E66-8E21C03932BC}.Release|x86.Build.0 = Release|x86
		{F087AD3F-035F-4550-8E66-8E21C03932BC}.Release|x86.Deploy.0 = Release|x86
		{B268E459-26E7-41DC-9086-2D9B4407C3F5}.Ad-Hoc|Any CPU.ActiveCfg = Ad-Hoc|iPhone
		{B268E459-26E7-41DC-9086-2D9B4407C3F5}.Ad-Hoc|ARM.ActiveCfg = Ad-Hoc|iPhone
		{B268E459-26E7-41DC-9086-2D9B4407C3F5}.Ad-Hoc|iPhone.ActiveCfg = Ad-Hoc|iPhone
		{B268E459-26E7-41DC-9086-2D9B4407C3F5}.Ad-Hoc|iPhone.Build.0 = Ad-Hoc|iPhone
		{B268E459-26E7-41DC-9086-2D9B4407C3F5}.Ad-Hoc|iPhoneSimulator.ActiveCfg = Ad-Hoc|iPhoneSimulator
		{B268E459-26E7-41DC-9086-2D9B4407C3F5}.Ad-Hoc|iPhoneSimulator.Build.0 = Ad-Hoc|iPhoneSimulator
		{B268E459-26E7-41DC-9086-2D9B4407C3F5}.Ad-Hoc|x64.ActiveCfg = Ad-Hoc|iPhone
		{B268E459-26E7-41DC-9086-2D9B4407C3F5}.Ad-Hoc|x86.ActiveCfg = Ad-Hoc|iPhone
		{B268E459-26E7-41DC-9086-2D9B4407C3F5}.AppStore|Any CPU.ActiveCfg = AppStore|iPhone
		{B268E459-26E7-41DC-9086-2D9B4407C3F5}.AppStore|ARM.ActiveCfg = AppStore|iPhone
		{B268E459-26E7-41DC-9086-2D9B4407C3F5}.AppStore|iPhone.ActiveCfg = AppStore|iPhone
		{B268E459-26E7-41DC-9086-2D9B4407C3F5}.AppStore|iPhone.Build.0 = AppStore|iPhone
		{B268E459-26E7-41DC-9086-2D9B4407C3F5}.AppStore|iPhoneSimulator.ActiveCfg = AppStore|iPhoneSimulator
		{B268E459-26E7-41DC-9086-2D9B4407C3F5}.AppStore|iPhoneSimulator.Build.0 = AppStore|iPhoneSimulator
		{B268E459-26E7-41DC-9086-2D9B4407C3F5}.AppStore|x64.ActiveCfg = AppStore|iPhone
		{B268E459-26E7-41DC-9086-2D9B4407C3F5}.AppStore|x86.ActiveCfg = AppStore|iPhone
		{B268E459-26E7-41DC-9086-2D9B4407C3F5}.Debug|Any CPU.ActiveCfg = Debug|iPhone
		{B268E459-26E7-41DC-9086-2D9B4407C3F5}.Debug|ARM.ActiveCfg = Debug|iPhone
		{B268E459-26E7-41DC-9086-2D9B4407C3F5}.Debug|iPhone.ActiveCfg = Debug|iPhone
		{B268E459-26E7-41DC-9086-2D9B4407C3F5}.Debug|iPhone.Build.0 = Debug|iPhone
		{B268E459-26E7-41DC-9086-2D9B4407C3F5}.Debug|iPhoneSimulator.ActiveCfg = Debug|iPhoneSimulator
		{B268E459-26E7-41DC-9086-2D9B4407C3F5}.Debug|iPhoneSimulator.Build.0 = Debug|iPhoneSimulator
		{B268E459-26E7-41DC-9086-2D9B4407C3F5}.Debug|x64.ActiveCfg = Debug|iPhone
		{B268E459-26E7-41DC-9086-2D9B4407C3F5}.Debug|x86.ActiveCfg = Debug|iPhone
		{B268E459-26E7-41DC-9086-2D9B4407C3F5}.Release|Any CPU.ActiveCfg = Release|iPhone
		{B268E459-26E7-41DC-9086-2D9B4407C3F5}.Release|ARM.ActiveCfg = Release|iPhone
		{B268E459-26E7-41DC-9086-2D9B4407C3F5}.Release|iPhone.ActiveCfg = Release|iPhone
		{B268E459-26E7-41DC-9086-2D9B4407C3F5}.Release|iPhone.Build.0 = Release|iPhone
		{B268E459-26E7-41DC-9086-2D9B4407C3F5}.Release|iPhoneSimulator.ActiveCfg = Release|iPhoneSimulator
		{B268E459-26E7-41DC-9086-2D9B4407C3F5}.Release|iPhoneSimulator.Build.0 = Release|iPhoneSimulator
		{B268E459-26E7-41DC-9086-2D9B4407C3F5}.Release|x64.ActiveCfg = Release|iPhone
		{B268E459-26E7-41DC-9086-2D9B4407C3F5}.Release|x86.ActiveCfg = Release|iPhone
	EndGlobalSection
	GlobalSection(SolutionProperties) = preSolution
		HideSolutionNode = FALSE
	EndGlobalSection
EndGlobal
